
Microsoft Visual Studio Solution File, Format Version 12.00
# Visual Studio 15
VisualStudioVersion = 15.0.28307.421
MinimumVisualStudioVersion = 10.0.40219.1
Project("{FAE04EC0-301F-11D3-BF4B-00C04F79EFBC}") = "WHTCC.EDU.CN.Onlinetest.EFDAL", "WHTCC.EDU.CN.Onlinetest.EFDAL\WHTCC.EDU.CN.Onlinetest.EFDAL.csproj", "{A66F0C94-12AD-4CB7-B63D-0F7ACF0FA77B}"
EndProject
Project("{FAE04EC0-301F-11D3-BF4B-00C04F79EFBC}") = "WHTCC.EDU.CN.Onlinetest.BLL", "WHTCC.EDU.CN.Onlinetest.BLL\WHTCC.EDU.CN.Onlinetest.BLL.csproj", "{8E555FAD-D282-4A5C-97DA-B32DF579A54D}"
EndProject
Project("{FAE04EC0-301F-11D3-BF4B-00C04F79EFBC}") = "WHTCC.EDU.CN.Onlinetest.UI.Portal", "WHTCC.EDU.CN.Onlinetest.UI.Portal\WHTCC.EDU.CN.Onlinetest.UI.Portal.csproj", "{50F0BFC0-7A34-4E5C-BC98-413AB64DCAD1}"
EndProject
Project("{2150E333-8FDC-42A3-9474-1A3956D46DE8}") = "BLL", "BLL", "{809DCAC9-B942-4558-8EC4-538279A392A9}"
EndProject
Project("{2150E333-8FDC-42A3-9474-1A3956D46DE8}") = "DAL", "DAL", "{F0FDCC42-3089-4965-B47D-6EF6CC391246}"
EndProject
Project("{2150E333-8FDC-42A3-9474-1A3956D46DE8}") = "Entity", "Entity", "{2540DA5A-8849-4D64-9CAA-2AC4D884DDBB}"
EndProject
Project("{2150E333-8FDC-42A3-9474-1A3956D46DE8}") = "UI", "UI", "{C54E8D6B-3A59-496B-BABF-3C7B1555F8D9}"
EndProject
Project("{2150E333-8FDC-42A3-9474-1A3956D46DE8}") = "Utility", "Utility", "{77ADFBE4-2775-41B8-AE6E-2635E57E941B}"
EndProject
Project("{FAE04EC0-301F-11D3-BF4B-00C04F79EFBC}") = "WHTCC.EDU.CN.Onlinetest.Utility", "WHTCC.EDU.CN.Onlinetest.Utility\WHTCC.EDU.CN.Onlinetest.Utility.csproj", "{A6ABC886-DC97-4DDF-ABD6-FBDB90F224FA}"
EndProject
Project("{FAE04EC0-301F-11D3-BF4B-00C04F79EFBC}") = "WHTCC.EDU.CN.Onlinetest.Entity", "WHTCC.EDU.CN.Onlinetest.Entity\WHTCC.EDU.CN.Onlinetest.Entity.csproj", "{BC043750-47B1-4CB6-8D37-00F8CAFD2099}"
EndProject
Project("{2150E333-8FDC-42A3-9474-1A3956D46DE8}") = "TEST", "TEST", "{E585EF8D-6DCE-4EFB-ACA3-C411BED41092}"
EndProject
Project("{FAE04EC0-301F-11D3-BF4B-00C04F79EFBC}") = "TEST", "TEST\TEST.csproj", "{1D58BE88-D849-4B17-A9EF-3537485255D4}"
EndProject
Global
	GlobalSection(SolutionConfigurationPlatforms) = preSolution
		Debug|Any CPU = Debug|Any CPU
		Release|Any CPU = Release|Any CPU
	EndGlobalSection
	GlobalSection(ProjectConfigurationPlatforms) = postSolution
		{A66F0C94-12AD-4CB7-B63D-0F7ACF0FA77B}.Debug|Any CPU.ActiveCfg = Debug|Any CPU
		{A66F0C94-12AD-4CB7-B63D-0F7ACF0FA77B}.Debug|Any CPU.Build.0 = Debug|Any CPU
		{A66F0C94-12AD-4CB7-B63D-0F7ACF0FA77B}.Release|Any CPU.ActiveCfg = Release|Any CPU
		{A66F0C94-12AD-4CB7-B63D-0F7ACF0FA77B}.Release|Any CPU.Build.0 = Release|Any CPU
		{8E555FAD-D282-4A5C-97DA-B32DF579A54D}.Debug|Any CPU.ActiveCfg = Debug|Any CPU
		{8E555FAD-D282-4A5C-97DA-B32DF579A54D}.Debug|Any CPU.Build.0 = Debug|Any CPU
		{8E555FAD-D282-4A5C-97DA-B32DF579A54D}.Release|Any CPU.ActiveCfg = Release|Any CPU
		{8E555FAD-D282-4A5C-97DA-B32DF579A54D}.Release|Any CPU.Build.0 = Release|Any CPU
		{50F0BFC0-7A34-4E5C-BC98-413AB64DCAD1}.Debug|Any CPU.ActiveCfg = Debug|Any CPU
		{50F0BFC0-7A34-4E5C-BC98-413AB64DCAD1}.Debug|Any CPU.Build.0 = Debug|Any CPU
		{50F0BFC0-7A34-4E5C-BC98-413AB64DCAD1}.Release|Any CPU.ActiveCfg = Release|Any CPU
		{50F0BFC0-7A34-4E5C-BC98-413AB64DCAD1}.Release|Any CPU.Build.0 = Release|Any CPU
		{A6ABC886-DC97-4DDF-ABD6-FBDB90F224FA}.Debug|Any CPU.ActiveCfg = Debug|Any CPU
		{A6ABC886-DC97-4DDF-ABD6-FBDB90F224FA}.Debug|Any CPU.Build.0 = Debug|Any CPU
		{A6ABC886-DC97-4DDF-ABD6-FBDB90F224FA}.Release|Any CPU.ActiveCfg = Release|Any CPU
		{A6ABC886-DC97-4DDF-ABD6-FBDB90F224FA}.Release|Any CPU.Build.0 = Release|Any CPU
		{BC043750-47B1-4CB6-8D37-00F8CAFD2099}.Debug|Any CPU.ActiveCfg = Debug|Any CPU
		{BC043750-47B1-4CB6-8D37-00F8CAFD2099}.Debug|Any CPU.Build.0 = Debug|Any CPU
		{BC043750-47B1-4CB6-8D37-00F8CAFD2099}.Release|Any CPU.ActiveCfg = Release|Any CPU
		{BC043750-47B1-4CB6-8D37-00F8CAFD2099}.Release|Any CPU.Build.0 = Release|Any CPU
		{1D58BE88-D849-4B17-A9EF-3537485255D4}.Debug|Any CPU.ActiveCfg = Debug|Any CPU
		{1D58BE88-D849-4B17-A9EF-3537485255D4}.Debug|Any CPU.Build.0 = Debug|Any CPU
		{1D58BE88-D849-4B17-A9EF-3537485255D4}.Release|Any CPU.ActiveCfg = Release|Any CPU
		{1D58BE88-D849-4B17-A9EF-3537485255D4}.Release|Any CPU.Build.0 = Release|Any CPU
	EndGlobalSection
	GlobalSection(SolutionProperties) = preSolution
		HideSolutionNode = FALSE
	EndGlobalSection
	GlobalSection(NestedProjects) = preSolution
		{A66F0C94-12AD-4CB7-B63D-0F7ACF0FA77B} = {F0FDCC42-3089-4965-B47D-6EF6CC391246}
		{8E555FAD-D282-4A5C-97DA-B32DF579A54D} = {809DCAC9-B942-4558-8EC4-538279A392A9}
		{50F0BFC0-7A34-4E5C-BC98-413AB64DCAD1} = {C54E8D6B-3A59-496B-BABF-3C7B1555F8D9}
		{A6ABC886-DC97-4DDF-ABD6-FBDB90F224FA} = {77ADFBE4-2775-41B8-AE6E-2635E57E941B}
		{BC043750-47B1-4CB6-8D37-00F8CAFD2099} = {2540DA5A-8849-4D64-9CAA-2AC4D884DDBB}
		{1D58BE88-D849-4B17-A9EF-3537485255D4} = {E585EF8D-6DCE-4EFB-ACA3-C411BED41092}
	EndGlobalSection
	GlobalSection(ExtensibilityGlobals) = postSolution
		SolutionGuid = {DEA7F987-6E37-4DC9-9185-25D451545A05}
	EndGlobalSection
EndGlobal
